
Microsoft Visual Studio Solution File, Format Version 11.00
# Visual Studio 2010
Project("{FAE04EC0-301F-11D3-BF4B-00C04F79EFBC}") = "WindowsFormsApplication2", "WindowsFormsApplication2\WindowsFormsApplication2.csproj", "{BAFA6F73-623A-433F-A364-20D3A3C0A3F7}"
EndProject
Global
	GlobalSection(SolutionConfigurationPlatforms) = preSolution
		Debug|x86 = Debug|x86
		Release|x86 = Release|x86
	EndGlobalSection
	GlobalSection(ProjectConfigurationPlatforms) = postSolution
		{BAFA6F73-623A-433F-A364-20D3A3C0A3F7}.Debug|x86.ActiveCfg = Debug|x86
		{BAFA6F73-623A-433F-A364-20D3A3C0A3F7}.Debug|x86.Build.0 = Debug|x86
		{BAFA6F73-623A-433F-A364-20D3A3C0A3F7}.Release|x86.ActiveCfg = Release|x86
		{BAFA6F73-623A-433F-A364-20D3A3C0A3F7}.Release|x86.Build.0 = Release|x86
	EndGlobalSection
	GlobalSection(SolutionProperties) = preSolution
		HideSolutionNode = FALSE
	EndGlobalSection
EndGlobal
